
Microsoft Visual Studio Solution File, Format Version 12.00
# Visual Studio Version 17
VisualStudioVersion = 17.5.002.0
MinimumVisualStudioVersion = 10.0.40219.1
Project("{9A19103F-16F7-4668-BE54-9A1E7A4F7556}") = "Capstone-Back-End", "Capstone-Back-End\Capstone-Back-End.csproj", "{7750A484-5A04-446E-BAD5-6958C9EC271B}"
EndProject
Global
	GlobalSection(SolutionConfigurationPlatforms) = preSolution
		Debug|Any CPU = Debug|Any CPU
		Release|Any CPU = Release|Any CPU
	EndGlobalSection
	GlobalSection(ProjectConfigurationPlatforms) = postSolution
		{7750A484-5A04-446E-BAD5-6958C9EC271B}.Debug|Any CPU.ActiveCfg = Debug|Any CPU
		{7750A484-5A04-446E-BAD5-6958C9EC271B}.Debug|Any CPU.Build.0 = Debug|Any CPU
		{7750A484-5A04-446E-BAD5-6958C9EC271B}.Release|Any CPU.ActiveCfg = Release|Any CPU
		{7750A484-5A04-446E-BAD5-6958C9EC271B}.Release|Any CPU.Build.0 = Release|Any CPU
	EndGlobalSection
	GlobalSection(SolutionProperties) = preSolution
		HideSolutionNode = FALSE
	EndGlobalSection
	GlobalSection(ExtensibilityGlobals) = postSolution
		SolutionGuid = {182A9410-ECF9-4C82-BA2A-A079F0B587D3}
	EndGlobalSection
EndGlobal
